Microsoft Visual Studio Solution File, Format Version 12.00
# Visual Studio Version 17
VisualStudioVersion = 17.5.2.0
MinimumVisualStudioVersion = 10.0.40219.1
Project("{FAE04EC0-301F-11D3-BF4B-00C04F79EFBC}") = "FoodHeaven", "FoodHeaven.csproj", "{FC049DCD-54CA-A7CA-1CE0-BB84D57D6450}"
EndProject
Global
	GlobalSection(SolutionConfigurationPlatforms) = preSolution
		Debug|Any CPU = Debug|Any CPU
		Release|Any CPU = Release|Any CPU
	EndGlobalSection
	GlobalSection(ProjectConfigurationPlatforms) = postSolution
		{FC049DCD-54CA-A7CA-1CE0-BB84D57D6450}.Debug|Any CPU.ActiveCfg = Debug|Any CPU
		{FC049DCD-54CA-A7CA-1CE0-BB84D57D6450}.Debug|Any CPU.Build.0 = Debug|Any CPU
		{FC049DCD-54CA-A7CA-1CE0-BB84D57D6450}.Release|Any CPU.ActiveCfg = Release|Any CPU
		{FC049DCD-54CA-A7CA-1CE0-BB84D57D6450}.Release|Any CPU.Build.0 = Release|Any CPU
	EndGlobalSection
	GlobalSection(SolutionProperties) = preSolution
		HideSolutionNode = FALSE
	EndGlobalSection
	GlobalSection(ExtensibilityGlobals) = postSolution
		SolutionGuid = {0DEF6449-495B-4C98-9BCC-DA39B5E9B839}
	EndGlobalSection
EndGlobal
